
Microsoft Visual Studio Solution File, Format Version 12.00
# Visual Studio Version 17
VisualStudioVersion = 17.4.33213.308
MinimumVisualStudioVersion = 10.0.40219.1
Project("{FAE04EC0-301F-11D3-BF4B-00C04F79EFBC}") = "Hours", "Hours.csproj", "{B8FA8421-93CE-4896-8650-D75E3C518439}"
EndProject
Global
	GlobalSection(SolutionConfigurationPlatforms) = preSolution
		Debug|Any CPU = Debug|Any CPU
		Release|Any CPU = Release|Any CPU
	EndGlobalSection
	GlobalSection(ProjectConfigurationPlatforms) = postSolution
		{B8FA8421-93CE-4896-8650-D75E3C518439}.Debug|Any CPU.ActiveCfg = Debug|Any CPU
		{B8FA8421-93CE-4896-8650-D75E3C518439}.Debug|Any CPU.Build.0 = Debug|Any CPU
		{B8FA8421-93CE-4896-8650-D75E3C518439}.Release|Any CPU.ActiveCfg = Release|Any CPU
		{B8FA8421-93CE-4896-8650-D75E3C518439}.Release|Any CPU.Build.0 = Release|Any CPU
	EndGlobalSection
	GlobalSection(SolutionProperties) = preSolution
		HideSolutionNode = FALSE
	EndGlobalSection
	GlobalSection(ExtensibilityGlobals) = postSolution
		SolutionGuid = {C6E39045-B56D-4292-B70D-933DFDD1EAC4}
	EndGlobalSection
EndGlobal
